
Microsoft Visual Studio Solution File, Format Version 12.00
# Visual Studio Version 17
VisualStudioVersion = 17.9.34723.18
MinimumVisualStudioVersion = 10.0.40219.1
Project("{FAE04EC0-301F-11D3-BF4B-00C04F79EFBC}") = "ConvertHero.Core", "ConvertHeroLibrary\ConvertHero.Core.csproj", "{88EB8690-7460-45BA-AF29-B9EB6B54B65A}"
EndProject
Global
	GlobalSection(SolutionConfigurationPlatforms) = preSolution
		Debug|Any CPU = Debug|Any CPU
		Debug|x64 = Debug|x64
		Release|Any CPU = Release|Any CPU
		Release|x64 = Release|x64
	EndGlobalSection
	GlobalSection(ProjectConfigurationPlatforms) = postSolution
		{88EB8690-7460-45BA-AF29-B9EB6B54B65A}.Debug|Any CPU.ActiveCfg = Debug|Any CPU
		{88EB8690-7460-45BA-AF29-B9EB6B54B65A}.Debug|Any CPU.Build.0 = Debug|Any CPU
		{88EB8690-7460-45BA-AF29-B9EB6B54B65A}.Debug|x64.ActiveCfg = Debug|Any CPU
		{88EB8690-7460-45BA-AF29-B9EB6B54B65A}.Debug|x64.Build.0 = Debug|Any CPU
		{88EB8690-7460-45BA-AF29-B9EB6B54B65A}.Release|Any CPU.ActiveCfg = Release|Any CPU
		{88EB8690-7460-45BA-AF29-B9EB6B54B65A}.Release|Any CPU.Build.0 = Release|Any CPU
		{88EB8690-7460-45BA-AF29-B9EB6B54B65A}.Release|x64.ActiveCfg = Release|Any CPU
		{88EB8690-7460-45BA-AF29-B9EB6B54B65A}.Release|x64.Build.0 = Release|Any CPU
	EndGlobalSection
	GlobalSection(SolutionProperties) = preSolution
		HideSolutionNode = FALSE
	EndGlobalSection
	GlobalSection(ExtensibilityGlobals) = postSolution
		SolutionGuid = {F80B9749-8BAE-413D-AA66-BD6AB6E72B33}
	EndGlobalSection
EndGlobal
